
Microsoft Visual Studio Solution File, Format Version 12.00
# Visual Studio Version 17
VisualStudioVersion = 17.0.31903.59
MinimumVisualStudioVersion = 10.0.40219.1
Project("{FAE04EC0-301F-11D3-BF4B-00C04F79EFBC}") = "Shop.Domain", "Shop.Domain\Shop.Domain.csproj", "{729C1274-FFE0-459F-816E-D0CBD1535C79}"
EndProject
Project("{FAE04EC0-301F-11D3-BF4B-00C04F79EFBC}") = "Shop.Application", "Shop.Application\Shop.Application.csproj", "{931CCEFE-2D65-44DA-AAB9-22BC3FD1997A}"
EndProject
Project("{FAE04EC0-301F-11D3-BF4B-00C04F79EFBC}") = "Shop.Infrastructure", "Shop.Infrastructure\Shop.Infrastructure.csproj", "{97AFDC87-3B7B-4CC2-8438-0A84D335717C}"
EndProject
Project("{FAE04EC0-301F-11D3-BF4B-00C04F79EFBC}") = "Shop.Api", "Shop.Api\Shop.Api.csproj", "{E0645778-807D-4EC1-A890-02F07CD72BD6}"
EndProject
Project("{FAE04EC0-301F-11D3-BF4B-00C04F79EFBC}") = "Shop.UnitTests", "Shop.UnitTests\Shop.UnitTests.csproj", "{E5D66D18-FB88-47D4-8A19-78AC68B362E4}"
EndProject
Global
	GlobalSection(SolutionConfigurationPlatforms) = preSolution
		Debug|Any CPU = Debug|Any CPU
		Debug|x64 = Debug|x64
		Debug|x86 = Debug|x86
		Release|Any CPU = Release|Any CPU
		Release|x64 = Release|x64
		Release|x86 = Release|x86
	EndGlobalSection
	GlobalSection(ProjectConfigurationPlatforms) = postSolution
		{729C1274-FFE0-459F-816E-D0CBD1535C79}.Debug|Any CPU.ActiveCfg = Debug|Any CPU
		{729C1274-FFE0-459F-816E-D0CBD1535C79}.Debug|Any CPU.Build.0 = Debug|Any CPU
		{729C1274-FFE0-459F-816E-D0CBD1535C79}.Debug|x64.ActiveCfg = Debug|Any CPU
		{729C1274-FFE0-459F-816E-D0CBD1535C79}.Debug|x64.Build.0 = Debug|Any CPU
		{729C1274-FFE0-459F-816E-D0CBD1535C79}.Debug|x86.ActiveCfg = Debug|Any CPU
		{729C1274-FFE0-459F-816E-D0CBD1535C79}.Debug|x86.Build.0 = Debug|Any CPU
		{729C1274-FFE0-459F-816E-D0CBD1535C79}.Release|Any CPU.ActiveCfg = Release|Any CPU
		{729C1274-FFE0-459F-816E-D0CBD1535C79}.Release|Any CPU.Build.0 = Release|Any CPU
		{729C1274-FFE0-459F-816E-D0CBD1535C79}.Release|x64.ActiveCfg = Release|Any CPU
		{729C1274-FFE0-459F-816E-D0CBD1535C79}.Release|x64.Build.0 = Release|Any CPU
		{729C1274-FFE0-459F-816E-D0CBD1535C79}.Release|x86.ActiveCfg = Release|Any CPU
		{729C1274-FFE0-459F-816E-D0CBD1535C79}.Release|x86.Build.0 = Release|Any CPU
		{931CCEFE-2D65-44DA-AAB9-22BC3FD1997A}.Debug|Any CPU.ActiveCfg = Debug|Any CPU
		{931CCEFE-2D65-44DA-AAB9-22BC3FD1997A}.Debug|Any CPU.Build.0 = Debug|Any CPU
		{931CCEFE-2D65-44DA-AAB9-22BC3FD1997A}.Debug|x64.ActiveCfg = Debug|Any CPU
		{931CCEFE-2D65-44DA-AAB9-22BC3FD1997A}.Debug|x64.Build.0 = Debug|Any CPU
		{931CCEFE-2D65-44DA-AAB9-22BC3FD1997A}.Debug|x86.ActiveCfg = Debug|Any CPU
		{931CCEFE-2D65-44DA-AAB9-22BC3FD1997A}.Debug|x86.Build.0 = Debug|Any CPU
		{931CCEFE-2D65-44DA-AAB9-22BC3FD1997A}.Release|Any CPU.ActiveCfg = Release|Any CPU
		{931CCEFE-2D65-44DA-AAB9-22BC3FD1997A}.Release|Any CPU.Build.0 = Release|Any CPU
		{931CCEFE-2D65-44DA-AAB9-22BC3FD1997A}.Release|x64.ActiveCfg = Release|Any CPU
		{931CCEFE-2D65-44DA-AAB9-22BC3FD1997A}.Release|x64.Build.0 = Release|Any CPU
		{931CCEFE-2D65-44DA-AAB9-22BC3FD1997A}.Release|x86.ActiveCfg = Release|Any CPU
		{931CCEFE-2D65-44DA-AAB9-22BC3FD1997A}.Release|x86.Build.0 = Release|Any CPU
		{97AFDC87-3B7B-4CC2-8438-0A84D335717C}.Debug|Any CPU.ActiveCfg = Debug|Any CPU
		{97AFDC87-3B7B-4CC2-8438-0A84D335717C}.Debug|Any CPU.Build.0 = Debug|Any CPU
		{97AFDC87-3B7B-4CC2-8438-0A84D335717C}.Debug|x64.ActiveCfg = Debug|Any CPU
		{97AFDC87-3B7B-4CC2-8438-0A84D335717C}.Debug|x64.Build.0 = Debug|Any CPU
		{97AFDC87-3B7B-4CC2-8438-0A84D335717C}.Debug|x86.ActiveCfg = Debug|Any CPU
		{97AFDC87-3B7B-4CC2-8438-0A84D335717C}.Debug|x86.Build.0 = Debug|Any CPU
		{97AFDC87-3B7B-4CC2-8438-0A84D335717C}.Release|Any CPU.ActiveCfg = Release|Any CPU
		{97AFDC87-3B7B-4CC2-8438-0A84D335717C}.Release|Any CPU.Build.0 = Release|Any CPU
		{97AFDC87-3B7B-4CC2-8438-0A84D335717C}.Release|x64.ActiveCfg = Release|Any CPU
		{97AFDC87-3B7B-4CC2-8438-0A84D335717C}.Release|x64.Build.0 = Release|Any CPU
		{97AFDC87-3B7B-4CC2-8438-0A84D335717C}.Release|x86.ActiveCfg = Release|Any CPU
		{97AFDC87-3B7B-4CC2-8438-0A84D335717C}.Release|x86.Build.0 = Release|Any CPU
		{E0645778-807D-4EC1-A890-02F07CD72BD6}.Debug|Any CPU.ActiveCfg = Debug|Any CPU
		{E0645778-807D-4EC1-A890-02F07CD72BD6}.Debug|Any CPU.Build.0 = Debug|Any CPU
		{E0645778-807D-4EC1-A890-02F07CD72BD6}.Debug|x64.ActiveCfg = Debug|Any CPU
		{E0645778-807D-4EC1-A890-02F07CD72BD6}.Debug|x64.Build.0 = Debug|Any CPU
		{E0645778-807D-4EC1-A890-02F07CD72BD6}.Debug|x86.ActiveCfg = Debug|Any CPU
		{E0645778-807D-4EC1-A890-02F07CD72BD6}.Debug|x86.Build.0 = Debug|Any CPU
		{E0645778-807D-4EC1-A890-02F07CD72BD6}.Release|Any CPU.ActiveCfg = Release|Any CPU
		{E0645778-807D-4EC1-A890-02F07CD72BD6}.Release|Any CPU.Build.0 = Release|Any CPU
		{E0645778-807D-4EC1-A890-02F07CD72BD6}.Release|x64.ActiveCfg = Release|Any CPU
		{E0645778-807D-4EC1-A890-02F07CD72BD6}.Release|x64.Build.0 = Release|Any CPU
		{E0645778-807D-4EC1-A890-02F07CD72BD6}.Release|x86.ActiveCfg = Release|Any CPU
		{E0645778-807D-4EC1-A890-02F07CD72BD6}.Release|x86.Build.0 = Release|Any CPU
		{E5D66D18-FB88-47D4-8A19-78AC68B362E4}.Debug|Any CPU.ActiveCfg = Debug|Any CPU
		{E5D66D18-FB88-47D4-8A19-78AC68B362E4}.Debug|Any CPU.Build.0 = Debug|Any CPU
		{E5D66D18-FB88-47D4-8A19-78AC68B362E4}.Debug|x64.ActiveCfg = Debug|Any CPU
		{E5D66D18-FB88-47D4-8A19-78AC68B362E4}.Debug|x64.Build.0 = Debug|Any CPU
		{E5D66D18-FB88-47D4-8A19-78AC68B362E4}.Debug|x86.ActiveCfg = Debug|Any CPU
		{E5D66D18-FB88-47D4-8A19-78AC68B362E4}.Debug|x86.Build.0 = Debug|Any CPU
		{E5D66D18-FB88-47D4-8A19-78AC68B362E4}.Release|Any CPU.ActiveCfg = Release|Any CPU
		{E5D66D18-FB88-47D4-8A19-78AC68B362E4}.Release|Any CPU.Build.0 = Release|Any CPU
		{E5D66D18-FB88-47D4-8A19-78AC68B362E4}.Release|x64.ActiveCfg = Release|Any CPU
		{E5D66D18-FB88-47D4-8A19-78AC68B362E4}.Release|x64.Build.0 = Release|Any CPU
		{E5D66D18-FB88-47D4-8A19-78AC68B362E4}.Release|x86.ActiveCfg = Release|Any CPU
		{E5D66D18-FB88-47D4-8A19-78AC68B362E4}.Release|x86.Build.0 = Release|Any CPU
	EndGlobalSection
	GlobalSection(SolutionProperties) = preSolution
		HideSolutionNode = FALSE
	EndGlobalSection
EndGlobal
